
Microsoft Visual Studio Solution File, Format Version 12.00
# Visual Studio Version 17
VisualStudioVersion = 17.14.36717.8 d17.14
MinimumVisualStudioVersion = 10.0.40219.1
Project("{FAE04EC0-301F-11D3-BF4B-00C04F79EFBC}") = "QuickSort", "QuickSort\QuickSort.csproj", "{06BCA6A7-44CA-45FA-9320-83248E9793E2}"
EndProject
Global
	GlobalSection(SolutionConfigurationPlatforms) = preSolution
		Debug|Any CPU = Debug|Any CPU
		Release|Any CPU = Release|Any CPU
	EndGlobalSection
	GlobalSection(ProjectConfigurationPlatforms) = postSolution
		{06BCA6A7-44CA-45FA-9320-83248E9793E2}.Debug|Any CPU.ActiveCfg = Debug|Any CPU
		{06BCA6A7-44CA-45FA-9320-83248E9793E2}.Debug|Any CPU.Build.0 = Debug|Any CPU
		{06BCA6A7-44CA-45FA-9320-83248E9793E2}.Release|Any CPU.ActiveCfg = Release|Any CPU
		{06BCA6A7-44CA-45FA-9320-83248E9793E2}.Release|Any CPU.Build.0 = Release|Any CPU
	EndGlobalSection
	GlobalSection(SolutionProperties) = preSolution
		HideSolutionNode = FALSE
	EndGlobalSection
	GlobalSection(ExtensibilityGlobals) = postSolution
		SolutionGuid = {00527862-C48C-4C69-A4D7-D495F703EF9A}
	EndGlobalSection
EndGlobal
