
Microsoft Visual Studio Solution File, Format Version 12.00
# Visual Studio Version 17
VisualStudioVersion = 17.14.36717.8 d17.14
MinimumVisualStudioVersion = 10.0.40219.1
Project("{FAE04EC0-301F-11D3-BF4B-00C04F79EFBC}") = "Sortowanie przez zliczanie", "Sortowanie przez zliczanie\Sortowanie przez zliczanie.csproj", "{C28115EE-ED05-49A7-A249-E28D6EFD3C1D}"
EndProject
Global
	GlobalSection(SolutionConfigurationPlatforms) = preSolution
		Debug|Any CPU = Debug|Any CPU
		Release|Any CPU = Release|Any CPU
	EndGlobalSection
	GlobalSection(ProjectConfigurationPlatforms) = postSolution
		{C28115EE-ED05-49A7-A249-E28D6EFD3C1D}.Debug|Any CPU.ActiveCfg = Debug|Any CPU
		{C28115EE-ED05-49A7-A249-E28D6EFD3C1D}.Debug|Any CPU.Build.0 = Debug|Any CPU
		{C28115EE-ED05-49A7-A249-E28D6EFD3C1D}.Release|Any CPU.ActiveCfg = Release|Any CPU
		{C28115EE-ED05-49A7-A249-E28D6EFD3C1D}.Release|Any CPU.Build.0 = Release|Any CPU
	EndGlobalSection
	GlobalSection(SolutionProperties) = preSolution
		HideSolutionNode = FALSE
	EndGlobalSection
	GlobalSection(ExtensibilityGlobals) = postSolution
		SolutionGuid = {FA88F9B3-DD6B-44F4-81B0-269BC8D80F66}
	EndGlobalSection
EndGlobal
