
Microsoft Visual Studio Solution File, Format Version 12.00
# Visual Studio Version 17
VisualStudioVersion = 17.14.36705.20 d17.14
MinimumVisualStudioVersion = 10.0.40219.1
Project("{FAE04EC0-301F-11D3-BF4B-00C04F79EFBC}") = "Algorytm Kruskala", "Algorytm Kruskala.csproj", "{066BC218-4E0D-4852-BA72-7E4A27731F48}"
EndProject
Global
	GlobalSection(SolutionConfigurationPlatforms) = preSolution
		Debug|Any CPU = Debug|Any CPU
		Release|Any CPU = Release|Any CPU
	EndGlobalSection
	GlobalSection(ProjectConfigurationPlatforms) = postSolution
		{066BC218-4E0D-4852-BA72-7E4A27731F48}.Debug|Any CPU.ActiveCfg = Debug|Any CPU
		{066BC218-4E0D-4852-BA72-7E4A27731F48}.Debug|Any CPU.Build.0 = Debug|Any CPU
		{066BC218-4E0D-4852-BA72-7E4A27731F48}.Release|Any CPU.ActiveCfg = Release|Any CPU
		{066BC218-4E0D-4852-BA72-7E4A27731F48}.Release|Any CPU.Build.0 = Release|Any CPU
	EndGlobalSection
	GlobalSection(SolutionProperties) = preSolution
		HideSolutionNode = FALSE
	EndGlobalSection
	GlobalSection(ExtensibilityGlobals) = postSolution
		SolutionGuid = {C09FD599-D081-4ED0-BCCC-BD5D62425878}
	EndGlobalSection
EndGlobal
